
Microsoft Visual Studio Solution File, Format Version 12.00
# Visual Studio Version 17
VisualStudioVersion = 17.13.35818.85 d17.13
MinimumVisualStudioVersion = 10.0.40219.1
Project("{FAE04EC0-301F-11D3-BF4B-00C04F79EFBC}") = "MicroQueueAPI", "MicroQueueAPI\MicroQueueAPI.csproj", "{EE9D7DC9-7D8F-4727-B925-3554C00B04BF}"
EndProject
Global
	GlobalSection(SolutionConfigurationPlatforms) = preSolution
		Debug|Any CPU = Debug|Any CPU
		Release|Any CPU = Release|Any CPU
	EndGlobalSection
	GlobalSection(ProjectConfigurationPlatforms) = postSolution
		{EE9D7DC9-7D8F-4727-B925-3554C00B04BF}.Debug|Any CPU.ActiveCfg = Debug|Any CPU
		{EE9D7DC9-7D8F-4727-B925-3554C00B04BF}.Debug|Any CPU.Build.0 = Debug|Any CPU
		{EE9D7DC9-7D8F-4727-B925-3554C00B04BF}.Release|Any CPU.ActiveCfg = Release|Any CPU
		{EE9D7DC9-7D8F-4727-B925-3554C00B04BF}.Release|Any CPU.Build.0 = Release|Any CPU
	EndGlobalSection
	GlobalSection(SolutionProperties) = preSolution
		HideSolutionNode = FALSE
	EndGlobalSection
	GlobalSection(ExtensibilityGlobals) = postSolution
		SolutionGuid = {D1E4481B-DFC2-475F-83E4-2953CB6FA9BB}
	EndGlobalSection
EndGlobal
